schema: '2.0'
stages:
  prepare:
    cmd: python src/prepare.py
    deps:
    - path: src/prepare.py
      hash: md5
      md5: 7991d7358d2327809334c7c19c28a158
      size: 467
    outs:
    - path: data/raw/x_test.npy
      hash: md5
      md5: 4156b9580740fd6c4b4d9e769559ff1f
      size: 7840128
    - path: data/raw/x_train.npy
      hash: md5
      md5: ae10a82bc1b876b714fcf03a1b657f7c
      size: 47040128
    - path: data/raw/y_test.npy
      hash: md5
      md5: e6d24ffff98bc973b3c14df1b4a56631
      size: 10128
    - path: data/raw/y_train.npy
      hash: md5
      md5: 2d0fed45dac68b413b0442c431eb4cd0
      size: 60128
  preprocess:
    cmd: python src/preprocess.py
    deps:
    - path: data/raw/x_test.npy
      hash: md5
      md5: 4156b9580740fd6c4b4d9e769559ff1f
      size: 7840128
    - path: data/raw/x_train.npy
      hash: md5
      md5: ae10a82bc1b876b714fcf03a1b657f7c
      size: 47040128
    - path: data/raw/y_test.npy
      hash: md5
      md5: e6d24ffff98bc973b3c14df1b4a56631
      size: 10128
    - path: data/raw/y_train.npy
      hash: md5
      md5: 2d0fed45dac68b413b0442c431eb4cd0
      size: 60128
    - path: src/preprocess.py
      hash: md5
      md5: 799a440e7798f34738c3564e003c688a
      size: 1199
    params:
      params.yaml:
        base.seed: 42
        preprocess.test_size: 0.2
    outs:
    - path: data/processed/x_test.npy
      hash: md5
      md5: 5bc05e19cc7799111d70e10bc4b5e945
      size: 31360128
    - path: data/processed/x_train.npy
      hash: md5
      md5: 365e8a14c35c5092144efeea8a4e392b
      size: 150528128
    - path: data/processed/x_val.npy
      hash: md5
      md5: 084bf0bf562ca9ae9fbc2ea1ecd6d57f
      size: 37632128
    - path: data/processed/y_test.npy
      hash: md5
      md5: e6d24ffff98bc973b3c14df1b4a56631
      size: 10128
    - path: data/processed/y_train.npy
      hash: md5
      md5: b911232a7c0ead5060f08ac3b7f95733
      size: 48128
    - path: data/processed/y_val.npy
      hash: md5
      md5: 3a1c8fe061fff9607e8da03cbb968a78
      size: 12128
  train:
    cmd: python src/train.py
    deps:
    - path: data/processed/x_train.npy
      hash: md5
      md5: 365e8a14c35c5092144efeea8a4e392b
      size: 150528128
    - path: data/processed/x_val.npy
      hash: md5
      md5: 084bf0bf562ca9ae9fbc2ea1ecd6d57f
      size: 37632128
    - path: data/processed/y_train.npy
      hash: md5
      md5: b911232a7c0ead5060f08ac3b7f95733
      size: 48128
    - path: data/processed/y_val.npy
      hash: md5
      md5: 3a1c8fe061fff9607e8da03cbb968a78
      size: 12128
    - path: src/train.py
      hash: md5
      md5: 2a1ffcc402d307c1bd49aafb8a833466
      size: 1855
    params:
      params.yaml:
        base.seed: 42
        train.batch_size: 32
        train.dense_units: 256
        train.dropout_rate: 0.2
        train.epochs: 10
        train.learning_rate: 0.001
    outs:
    - path: models/history.csv
      hash: md5
      md5: aa3e4406bb87cd93487b5623f2450685
      size: 1047
    - path: models/model.h5
      hash: md5
      md5: a6bf353246c6e8d3b91e1f6a96872d77
      size: 2466904
  evaluate:
    cmd: python src/evaluate.py
    deps:
    - path: data/processed/x_test.npy
      hash: md5
      md5: 5bc05e19cc7799111d70e10bc4b5e945
      size: 31360128
    - path: data/processed/y_test.npy
      hash: md5
      md5: e6d24ffff98bc973b3c14df1b4a56631
      size: 10128
    - path: models/model.h5
      hash: md5
      md5: a6bf353246c6e8d3b91e1f6a96872d77
      size: 2466904
    - path: src/evaluate.py
      hash: md5
      md5: c88aa21d06334c8ea5533f3eee3509c1
      size: 1037
    outs:
    - path: metrics.json
      hash: md5
      md5: 31485f00e9de81bd484d00a1762d679b
      size: 83
    - path: models/confusion_matrix.png
      hash: md5
      md5: 8b9202862b329b7dd47ae15f7ccc20ac
      size: 48200
