schema: '2.0'
stages:
  prepare:
    cmd: python src/prepare.py
    deps:
    - path: src/prepare.py
      hash: md5
      md5: 7991d7358d2327809334c7c19c28a158
      size: 467
    outs:
    - path: data/raw/x_test.npy
      hash: md5
      md5: 4156b9580740fd6c4b4d9e769559ff1f
      size: 7840128
    - path: data/raw/x_train.npy
      hash: md5
      md5: ae10a82bc1b876b714fcf03a1b657f7c
      size: 47040128
    - path: data/raw/y_test.npy
      hash: md5
      md5: e6d24ffff98bc973b3c14df1b4a56631
      size: 10128
    - path: data/raw/y_train.npy
      hash: md5
      md5: 2d0fed45dac68b413b0442c431eb4cd0
      size: 60128
  preprocess:
    cmd: python src/preprocess.py
    deps:
    - path: data/raw/x_test.npy
      hash: md5
      md5: 4156b9580740fd6c4b4d9e769559ff1f
      size: 7840128
    - path: data/raw/x_train.npy
      hash: md5
      md5: ae10a82bc1b876b714fcf03a1b657f7c
      size: 47040128
    - path: data/raw/y_test.npy
      hash: md5
      md5: e6d24ffff98bc973b3c14df1b4a56631
      size: 10128
    - path: data/raw/y_train.npy
      hash: md5
      md5: 2d0fed45dac68b413b0442c431eb4cd0
      size: 60128
    - path: src/preprocess.py
      hash: md5
      md5: 1782bce3877c952dd24d38396f210a1b
      size: 1193
    params:
      params.yaml:
        base.seed: 42
        preprocess.test_size: 0.2
    outs:
    - path: data/processed/x_test.npy
      hash: md5
      md5: 5eca6f48b7c664f5afdb8e72f1142261
      size: 31360128
    - path: data/processed/x_train.npy
      hash: md5
      md5: 8a0d282918d42e04eedd53e10f7bba5a
      size: 150528128
    - path: data/processed/x_val.npy
      hash: md5
      md5: 43ebb07ac08536021fade228ca21a07f
      size: 37632128
    - path: data/processed/y_test.npy
      hash: md5
      md5: e6d24ffff98bc973b3c14df1b4a56631
      size: 10128
    - path: data/processed/y_train.npy
      hash: md5
      md5: b911232a7c0ead5060f08ac3b7f95733
      size: 48128
    - path: data/processed/y_val.npy
      hash: md5
      md5: 3a1c8fe061fff9607e8da03cbb968a78
      size: 12128
  train:
    cmd: python src/train.py
    deps:
    - path: data/processed/x_train.npy
      hash: md5
      md5: 8a0d282918d42e04eedd53e10f7bba5a
      size: 150528128
    - path: data/processed/x_val.npy
      hash: md5
      md5: 43ebb07ac08536021fade228ca21a07f
      size: 37632128
    - path: data/processed/y_train.npy
      hash: md5
      md5: b911232a7c0ead5060f08ac3b7f95733
      size: 48128
    - path: data/processed/y_val.npy
      hash: md5
      md5: 3a1c8fe061fff9607e8da03cbb968a78
      size: 12128
    - path: src/train.py
      hash: md5
      md5: 2a1ffcc402d307c1bd49aafb8a833466
      size: 1855
    params:
      params.yaml:
        base.seed: 42
        train.batch_size: 32
        train.dense_units: 256
        train.dropout_rate: 0.2
        train.epochs: 10
        train.learning_rate: 0.001
    outs:
    - path: models/history.csv
      hash: md5
      md5: 3dcb451f6d7c5a36da8b321bebad43ac
      size: 1047
    - path: models/model.h5
      hash: md5
      md5: 74833468823b5fb8e33a8c6faaef65f7
      size: 2466904
  evaluate:
    cmd: python src/evaluate.py
    deps:
    - path: data/processed/x_test.npy
      hash: md5
      md5: 5eca6f48b7c664f5afdb8e72f1142261
      size: 31360128
    - path: data/processed/y_test.npy
      hash: md5
      md5: e6d24ffff98bc973b3c14df1b4a56631
      size: 10128
    - path: models/model.h5
      hash: md5
      md5: 74833468823b5fb8e33a8c6faaef65f7
      size: 2466904
    - path: src/evaluate.py
      hash: md5
      md5: c88aa21d06334c8ea5533f3eee3509c1
      size: 1037
    outs:
    - path: metrics.json
      hash: md5
      md5: 6a59e12ce89cb49121bc383424ddd89e
      size: 84
    - path: models/confusion_matrix.png
      hash: md5
      md5: ce32e437331bf9263150dbdc60591988
      size: 48391
